Microsoft Visual Studio Solution File, Format Version 12.00
# Visual Studio Version 17
VisualStudioVersion = 17.0.31717.71
MinimumVisualStudioVersion = 10.0.40219.1
Project("{9A19103F-16F7-4668-BE54-9A1E7A4F7556}") = "WarehouseApp2", "WarehouseApp2\WarehouseApp2.csproj", "{39F6D00B-B63A-4641-842F-4BDFEF3B5973}"
EndProject
Project("{9A19103F-16F7-4668-BE54-9A1E7A4F7556}") = "WarehouseService.Test", "WarehouseService.Test\WarehouseService.Test.csproj", "{87EBE006-B9F5-4B52-BCD1-AF99739695C1}"
EndProject
Project("{FAE04EC0-301F-11D3-BF4B-00C04F79EFBC}") = "WarehouseService", "WarehouseService\WarehouseService.csproj", "{6A7C0916-892F-41F7-94CA-C34689DFA00C}"
EndProject
Global
	GlobalSection(SolutionConfigurationPlatforms) = preSolution
		Debug|Any CPU = Debug|Any CPU
		Release|Any CPU = Release|Any CPU
	EndGlobalSection
	GlobalSection(ProjectConfigurationPlatforms) = postSolution
		{39F6D00B-B63A-4641-842F-4BDFEF3B5973}.Debug|Any CPU.ActiveCfg = Debug|Any CPU
		{39F6D00B-B63A-4641-842F-4BDFEF3B5973}.Debug|Any CPU.Build.0 = Debug|Any CPU
		{39F6D00B-B63A-4641-842F-4BDFEF3B5973}.Release|Any CPU.ActiveCfg = Release|Any CPU
		{39F6D00B-B63A-4641-842F-4BDFEF3B5973}.Release|Any CPU.Build.0 = Release|Any CPU
		{87EBE006-B9F5-4B52-BCD1-AF99739695C1}.Debug|Any CPU.ActiveCfg = Debug|Any CPU
		{87EBE006-B9F5-4B52-BCD1-AF99739695C1}.Debug|Any CPU.Build.0 = Debug|Any CPU
		{87EBE006-B9F5-4B52-BCD1-AF99739695C1}.Release|Any CPU.ActiveCfg = Release|Any CPU
		{87EBE006-B9F5-4B52-BCD1-AF99739695C1}.Release|Any CPU.Build.0 = Release|Any CPU
		{6A7C0916-892F-41F7-94CA-C34689DFA00C}.Debug|Any CPU.ActiveCfg = Debug|Any CPU
		{6A7C0916-892F-41F7-94CA-C34689DFA00C}.Debug|Any CPU.Build.0 = Debug|Any CPU
		{6A7C0916-892F-41F7-94CA-C34689DFA00C}.Release|Any CPU.ActiveCfg = Release|Any CPU
		{6A7C0916-892F-41F7-94CA-C34689DFA00C}.Release|Any CPU.Build.0 = Release|Any CPU
	EndGlobalSection
	GlobalSection(SolutionProperties) = preSolution
		HideSolutionNode = FALSE
	EndGlobalSection
	GlobalSection(ExtensibilityGlobals) = postSolution
		SolutionGuid = {CB609E6D-7729-4911-A811-30C91B1234AC}
	EndGlobalSection
EndGlobal
